
Microsoft Visual Studio Solution File, Format Version 12.00
# Visual Studio 15
Project("{FAE04EC0-301F-11D3-BF4B-00C04F79EFBC}") = "Assembly-CSharp", "Assembly-CSharp.csproj", "{4145CEFC-8850-E4B3-D326-11F63FDC5AD4}"
EndProject
Project("{FAE04EC0-301F-11D3-BF4B-00C04F79EFBC}") = "Assembly-CSharp-Editor", "Assembly-CSharp-Editor.csproj", "{C5F00A3D-58B6-4D03-D940-4554D5BDFB79}"
EndProject
Global
	GlobalSection(SolutionConfigurationPlatforms) = preSolution
		Debug|Any CPU = Debug|Any CPU
		Release|Any CPU = Release|Any CPU
	EndGlobalSection
	GlobalSection(ProjectConfigurationPlatforms) = postSolution
		{4145CEFC-8850-E4B3-D326-11F63FDC5AD4}.Debug|Any CPU.ActiveCfg = Debug|Any CPU
		{4145CEFC-8850-E4B3-D326-11F63FDC5AD4}.Debug|Any CPU.Build.0 = Debug|Any CPU
		{4145CEFC-8850-E4B3-D326-11F63FDC5AD4}.Release|Any CPU.ActiveCfg = Release|Any CPU
		{4145CEFC-8850-E4B3-D326-11F63FDC5AD4}.Release|Any CPU.Build.0 = Release|Any CPU
		{C5F00A3D-58B6-4D03-D940-4554D5BDFB79}.Debug|Any CPU.ActiveCfg = Debug|Any CPU
		{C5F00A3D-58B6-4D03-D940-4554D5BDFB79}.Debug|Any CPU.Build.0 = Debug|Any CPU
		{C5F00A3D-58B6-4D03-D940-4554D5BDFB79}.Release|Any CPU.ActiveCfg = Release|Any CPU
		{C5F00A3D-58B6-4D03-D940-4554D5BDFB79}.Release|Any CPU.Build.0 = Release|Any CPU
	EndGlobalSection
	GlobalSection(SolutionProperties) = preSolution
		HideSolutionNode = FALSE
	EndGlobalSection
EndGlobal
